
Microsoft Visual Studio Solution File, Format Version 12.00
Project("{FAE04EC0-301F-11D3-BF4B-00C04F79EFBC}") = "portefolio", "portefolio.csproj", "{F90C023C-A0EE-41CC-8B38-16F440D66346}"
EndProject
Global
	GlobalSection(SolutionConfigurationPlatforms) = preSolution
		Debug|Any CPU = Debug|Any CPU
		Release|Any CPU = Release|Any CPU
	EndGlobalSection
	GlobalSection(ProjectConfigurationPlatforms) = postSolution
		{F90C023C-A0EE-41CC-8B38-16F440D66346}.Debug|Any CPU.ActiveCfg = Debug|Any CPU
		{F90C023C-A0EE-41CC-8B38-16F440D66346}.Debug|Any CPU.Build.0 = Debug|Any CPU
		{F90C023C-A0EE-41CC-8B38-16F440D66346}.Release|Any CPU.ActiveCfg = Release|Any CPU
		{F90C023C-A0EE-41CC-8B38-16F440D66346}.Release|Any CPU.Build.0 = Release|Any CPU
	EndGlobalSection
EndGlobal
